
Microsoft Visual Studio Solution File, Format Version 12.00
# Visual Studio Version 16
VisualStudioVersion = 16.0.32407.337
MinimumVisualStudioVersion = 10.0.40219.1
Project("{FAE04EC0-301F-11D3-BF4B-00C04F79EFBC}") = "301113658(otojareri)_lab2", "301113658(otojareri)_lab2\301113658(otojareri)_lab2.csproj", "{645A302D-05FD-43BF-89B0-C153A55F153D}"
EndProject
Global
	GlobalSection(SolutionConfigurationPlatforms) = preSolution
		Debug|Any CPU = Debug|Any CPU
		Release|Any CPU = Release|Any CPU
	EndGlobalSection
	GlobalSection(ProjectConfigurationPlatforms) = postSolution
		{645A302D-05FD-43BF-89B0-C153A55F153D}.Debug|Any CPU.ActiveCfg = Debug|Any CPU
		{645A302D-05FD-43BF-89B0-C153A55F153D}.Debug|Any CPU.Build.0 = Debug|Any CPU
		{645A302D-05FD-43BF-89B0-C153A55F153D}.Release|Any CPU.ActiveCfg = Release|Any CPU
		{645A302D-05FD-43BF-89B0-C153A55F153D}.Release|Any CPU.Build.0 = Release|Any CPU
	EndGlobalSection
	GlobalSection(SolutionProperties) = preSolution
		HideSolutionNode = FALSE
	EndGlobalSection
	GlobalSection(ExtensibilityGlobals) = postSolution
		SolutionGuid = {79C1BECE-5045-4299-9C5E-21F7E3C8B7CE}
	EndGlobalSection
EndGlobal
